{
  "lockfile_version": "1",
  "packages": {
    "direnv@2.35.0": {
      "last_modified": "2025-03-19T14:38:57Z",
      "resolved": "github:NixOS/nixpkgs/2a725d40de138714db4872dc7405d86457aa17ad#direnv",
      "source": "devbox-search",
      "version": "2.35.0",
      "systems": {
        "aarch64-darwin": {
          "outputs": [
            {
              "name": "out",
              "path": "/nix/store/pgn5v2z4w506x2ma4925a77qj226sx04-direnv-2.35.0",
              "default": true
            }
          ],
          "store_path": "/nix/store/pgn5v2z4w506x2ma4925a77qj226sx04-direnv-2.35.0"
        },
        "aarch64-linux": {
          "outputs": [
            {
              "name": "out",
              "path": "/nix/store/gln3h31y4ryn223y5qw0drp1bc57x9mm-direnv-2.35.0",
              "default": true
            }
          ],
          "store_path": "/nix/store/gln3h31y4ryn223y5qw0drp1bc57x9mm-direnv-2.35.0"
        },
        "x86_64-darwin": {
          "outputs": [
            {
              "name": "out",
              "path": "/nix/store/k490nla03204kdifvddwy0s3jz0cqbri-direnv-2.35.0",
              "default": true
            }
          ],
          "store_path": "/nix/store/k490nla03204kdifvddwy0s3jz0cqbri-direnv-2.35.0"
        },
        "x86_64-linux": {
          "outputs": [
            {
              "name": "out",
              "path": "/nix/store/a2f68ipvpd810x3cnsk9i1jzzsx6f01s-direnv-2.35.0",
              "default": true
            }
          ],
          "store_path": "/nix/store/a2f68ipvpd810x3cnsk9i1jzzsx6f01s-direnv-2.35.0"
        }
      }
    },
    "gitleaks@8.24.0": {
      "last_modified": "2025-03-11T17:52:14Z",
      "resolved": "github:NixOS/nixpkgs/0d534853a55b5d02a4ababa1d71921ce8f0aee4c#gitleaks",
      "source": "devbox-search",
      "version": "8.24.0",
      "systems": {
        "aarch64-darwin": {
          "outputs": [
            {
              "name": "out",
              "path": "/nix/store/sin0dw01a76a3a0qxia38lpzminvq7nb-gitleaks-8.24.0",
              "default": true
            }
          ],
          "store_path": "/nix/store/sin0dw01a76a3a0qxia38lpzminvq7nb-gitleaks-8.24.0"
        },
        "aarch64-linux": {
          "outputs": [
            {
              "name": "out",
              "path": "/nix/store/9qin6a79cgaz9xhcsrm69zacamjf0738-gitleaks-8.24.0",
              "default": true
            }
          ],
          "store_path": "/nix/store/9qin6a79cgaz9xhcsrm69zacamjf0738-gitleaks-8.24.0"
        },
        "x86_64-darwin": {
          "outputs": [
            {
              "name": "out",
              "path": "/nix/store/i3ag4bahlssiynrbbd05d7vir5l719vm-gitleaks-8.24.0",
              "default": true
            }
          ],
          "store_path": "/nix/store/i3ag4bahlssiynrbbd05d7vir5l719vm-gitleaks-8.24.0"
        },
        "x86_64-linux": {
          "outputs": [
            {
              "name": "out",
              "path": "/nix/store/07ga7fa7mar5115gfx6n6ryhv5dg17gr-gitleaks-8.24.0",
              "default": true
            }
          ],
          "store_path": "/nix/store/07ga7fa7mar5115gfx6n6ryhv5dg17gr-gitleaks-8.24.0"
        }
      }
    },
    "golangci-lint@1.64.5": {
      "last_modified": "2025-02-23T09:42:26Z",
      "resolved": "github:NixOS/nixpkgs/2d068ae5c6516b2d04562de50a58c682540de9bf#golangci-lint",
      "source": "devbox-search",
      "version": "1.64.5",
      "systems": {
        "aarch64-darwin": {
          "outputs": [
            {
              "name": "out",
              "path": "/nix/store/8bfm5nzryn3hxnd79s7j6qzkm1h6pxqy-golangci-lint-1.64.5",
              "default": true
            }
          ],
          "store_path": "/nix/store/8bfm5nzryn3hxnd79s7j6qzkm1h6pxqy-golangci-lint-1.64.5"
        },
        "aarch64-linux": {
          "outputs": [
            {
              "name": "out",
              "path": "/nix/store/cmn4yiyf99kdjlw87sczf30ckpp84i1w-golangci-lint-1.64.5",
              "default": true
            }
          ],
          "store_path": "/nix/store/cmn4yiyf99kdjlw87sczf30ckpp84i1w-golangci-lint-1.64.5"
        },
        "x86_64-darwin": {
          "outputs": [
            {
              "name": "out",
              "path": "/nix/store/bcrp85xkdabziwslcgsls44mj8ngnqb6-golangci-lint-1.64.5",
              "default": true
            }
          ],
          "store_path": "/nix/store/bcrp85xkdabziwslcgsls44mj8ngnqb6-golangci-lint-1.64.5"
        },
        "x86_64-linux": {
          "outputs": [
            {
              "name": "out",
              "path": "/nix/store/n1100w7c48bcllxbrws5jd01lpvhx77q-golangci-lint-1.64.5",
              "default": true
            }
          ],
          "store_path": "/nix/store/n1100w7c48bcllxbrws5jd01lpvhx77q-golangci-lint-1.64.5"
        }
      }
    },
    "pre-commit@4.5.1": {
      "last_modified": "2026-08-27T07:16:00Z",
      "resolved": "github:NixOS/nixpkgs/c27cdad491a991b11ed731760aa2ef8db0cb0410#pre-commit",
      "source": "devbox-search",
      "version": "4.5.1",
      "systems": {
        "aarch64-darwin": {
          "outputs": [
            {
              "name": "out",
              "path": "/nix/store/fg50lvs8kf5jcbfmn578h5z6wiay1p4m-pre-commit-4.5.1",
              "default": true
            },
            {
              "name": "dist",
              "path": "/nix/store/5lk0zm075qic9mcjanlnlvvf67kzfjb5-pre-commit-4.5.1-dist"
            }
          ],
          "store_path": "/nix/store/fg50lvs8kf5jcbfmn578h5z6wiay1p4m-pre-commit-4.5.1"
        },
        "aarch64-linux": {
          "outputs": [
            {
              "name": "out",
              "path": "/nix/store/sdm1k3b5d5gy5szf3ialbd6kxplz332w-pre-commit-4.5.1",
              "default": true
            },
            {
              "name": "dist",
              "path": "/nix/store/6qdl4bh053c41zkp4bvj18s3f38y319y-pre-commit-4.5.1-dist"
            }
          ],
          "store_path": "/nix/store/sdm1k3b5d5gy5szf3ialbd6kxplz332w-pre-commit-4.5.1"
        },
        "x86_64-darwin": {
          "outputs": [
            {
              "name": "out",
              "path": "/nix/store/51i9rjiyhdnxd96rp3cc8ykhcld7zhqq-pre-commit-4.5.1",
              "default": true
            },
            {
              "name": "dist",
              "path": "/nix/store/hphzzlh3q6nz74px0mq2a1h7yqkyr35b-pre-commit-4.5.1-dist"
            }
          ],
          "store_path": "/nix/store/51i9rjiyhdnxd96rp3cc8ykhcld7zhqq-pre-commit-4.5.1"
        },
        "x86_64-linux": {
          "outputs": [
            {
              "name": "out",
              "path": "/nix/store/qmf95a0dq52f0nffcq6xavpl6zsmd91s-pre-commit-4.5.1",
              "default": true
            },
            {
              "name": "dist",
              "path": "/nix/store/z1bnarx0px935kmfp65izm92kdiml08g-pre-commit-4.5.1-dist"
            }
          ],
          "store_path": "/nix/store/qmf95a0dq52f0nffcq6xavpl6zsmd91s-pre-commit-4.5.1"
        }
      }
    },
    "yamllint@1.35.1": {
      "last_modified": "2025-03-11T17:52:14Z",
      "resolved": "github:NixOS/nixpkgs/0d534853a55b5d02a4ababa1d71921ce8f0aee4c#yamllint",
      "source": "devbox-search",
      "version": "1.35.1",
      "systems": {
        "aarch64-darwin": {
          "outputs": [
            {
              "name": "out",
              "path": "/nix/store/58b107rvyh32ad9106l6hps4pfglvy0r-python3.12-yamllint-1.35.1",
              "default": true
            },
            {
              "name": "dist",
              "path": "/nix/store/pcdm7w5q5bhgq9268zdmvi521fgv6mjj-python3.12-yamllint-1.35.1-dist"
            }
          ],
          "store_path": "/nix/store/58b107rvyh32ad9106l6hps4pfglvy0r-python3.12-yamllint-1.35.1"
        },
        "aarch64-linux": {
          "outputs": [
            {
              "name": "out",
              "path": "/nix/store/0nfjhvhnhy2r492d1hlfbj3a4808pp2s-python3.12-yamllint-1.35.1",
              "default": true
            },
            {
              "name": "dist",
              "path": "/nix/store/771nrwh8n0rjqyyy5klap1jr4sk0x569-python3.12-yamllint-1.35.1-dist"
            }
          ],
          "store_path": "/nix/store/0nfjhvhnhy2r492d1hlfbj3a4808pp2s-python3.12-yamllint-1.35.1"
        },
        "x86_64-darwin": {
          "outputs": [
            {
              "name": "out",
              "path": "/nix/store/g6clqcsm8272xzbx5xcyzb3pv2kc04s4-python3.12-yamllint-1.35.1",
              "default": true
            },
            {
              "name": "dist",
              "path": "/nix/store/6qmdk3lvlifw9j0yzmbp7yr6nax88kfc-python3.12-yamllint-1.35.1-dist"
            }
          ],
          "store_path": "/nix/store/g6clqcsm8272xzbx5xcyzb3pv2kc04s4-python3.12-yamllint-1.35.1"
        },
        "x86_64-linux": {
          "outputs": [
            {
              "name": "out",
              "path": "/nix/store/kkmxcmjsdc1sxv0lvg1x22n9zr146aki-python3.12-yamllint-1.35.1",
              "default": true
            },
            {
              "name": "dist",
              "path": "/nix/store/lhajwzvl8fpiknaqmlc54gy2m0ld4lki-python3.12-yamllint-1.35.1-dist"
            }
          ],
          "store_path": "/nix/store/kkmxcmjsdc1sxv0lvg1x22n9zr146aki-python3.12-yamllint-1.35.1"
        }
      }
    }
  }
}
