{
  "lockfile_version": "1",
  "packages": {
    "direnv@2.35.0": {
      "last_modified": "2025-03-19T14:38:57Z",
      "resolved": "github:NixOS/nixpkgs/2a725d40de138714db4872dc7405d86457aa17ad#direnv",
      "source": "devbox-search",
      "version": "2.35.0",
      "systems": {
        "aarch64-darwin": {
          "outputs": [
            {
              "name": "out",
              "path": "/nix/store/pgn5v2z4w506x2ma4925a77qj226sx04-direnv-2.35.0",
              "default": true
            }
          ],
          "store_path": "/nix/store/pgn5v2z4w506x2ma4925a77qj226sx04-direnv-2.35.0"
        },
        "aarch64-linux": {
          "outputs": [
            {
              "name": "out",
              "path": "/nix/store/gln3h31y4ryn223y5qw0drp1bc57x9mm-direnv-2.35.0",
              "default": true
            }
          ],
          "store_path": "/nix/store/gln3h31y4ryn223y5qw0drp1bc57x9mm-direnv-2.35.0"
        },
        "x86_64-darwin": {
          "outputs": [
            {
              "name": "out",
              "path": "/nix/store/k490nla03204kdifvddwy0s3jz0cqbri-direnv-2.35.0",
              "default": true
            }
          ],
          "store_path": "/nix/store/k490nla03204kdifvddwy0s3jz0cqbri-direnv-2.35.0"
        },
        "x86_64-linux": {
          "outputs": [
            {
              "name": "out",
              "path": "/nix/store/a2f68ipvpd810x3cnsk9i1jzzsx6f01s-direnv-2.35.0",
              "default": true
            }
          ],
          "store_path": "/nix/store/a2f68ipvpd810x3cnsk9i1jzzsx6f01s-direnv-2.35.0"
        }
      }
    },
    "gitleaks@8.24.0": {
      "last_modified": "2025-03-11T17:52:14Z",
      "resolved": "github:NixOS/nixpkgs/0d534853a55b5d02a4ababa1d71921ce8f0aee4c#gitleaks",
      "source": "devbox-search",
      "version": "8.24.0",
      "systems": {
        "aarch64-darwin": {
          "outputs": [
            {
              "name": "out",
              "path": "/nix/store/sin0dw01a76a3a0qxia38lpzminvq7nb-gitleaks-8.24.0",
              "default": true
            }
          ],
          "store_path": "/nix/store/sin0dw01a76a3a0qxia38lpzminvq7nb-gitleaks-8.24.0"
        },
        "aarch64-linux": {
          "outputs": [
            {
              "name": "out",
              "path": "/nix/store/9qin6a79cgaz9xhcsrm69zacamjf0738-gitleaks-8.24.0",
              "default": true
            }
          ],
          "store_path": "/nix/store/9qin6a79cgaz9xhcsrm69zacamjf0738-gitleaks-8.24.0"
        },
        "x86_64-darwin": {
          "outputs": [
            {
              "name": "out",
              "path": "/nix/store/i3ag4bahlssiynrbbd05d7vir5l719vm-gitleaks-8.24.0",
              "default": true
            }
          ],
          "store_path": "/nix/store/i3ag4bahlssiynrbbd05d7vir5l719vm-gitleaks-8.24.0"
        },
        "x86_64-linux": {
          "outputs": [
            {
              "name": "out",
              "path": "/nix/store/07ga7fa7mar5115gfx6n6ryhv5dg17gr-gitleaks-8.24.0",
              "default": true
            }
          ],
          "store_path": "/nix/store/07ga7fa7mar5115gfx6n6ryhv5dg17gr-gitleaks-8.24.0"
        }
      }
    },
    "golangci-lint@2.13.1": {
      "last_modified": "2026-08-27T07:16:00Z",
      "resolved": "github:NixOS/nixpkgs/c27cdad491a991b11ed731760aa2ef8db0cb0410#golangci-lint",
      "source": "devbox-search",
      "version": "2.13.1",
      "systems": {
        "aarch64-darwin": {
          "outputs": [
            {
              "name": "out",
              "path": "/nix/store/vyl94dsc8a2vfpx0h9hs3ls3w9hfcyfa-golangci-lint-2.13.1",
              "default": true
            }
          ],
          "store_path": "/nix/store/vyl94dsc8a2vfpx0h9hs3ls3w9hfcyfa-golangci-lint-2.13.1"
        },
        "aarch64-linux": {
          "outputs": [
            {
              "name": "out",
              "path": "/nix/store/zg1nnbiiaiq65v0h4b22hqlqpqa8ja0j-golangci-lint-2.13.1",
              "default": true
            }
          ],
          "store_path": "/nix/store/zg1nnbiiaiq65v0h4b22hqlqpqa8ja0j-golangci-lint-2.13.1"
        },
        "x86_64-linux": {
          "outputs": [
            {
              "name": "out",
              "path": "/nix/store/sqm80s7p5kx9j4ia19rw3jy41ajx1v73-golangci-lint-2.13.1",
              "default": true
            }
          ],
          "store_path": "/nix/store/sqm80s7p5kx9j4ia19rw3jy41ajx1v73-golangci-lint-2.13.1"
        }
      }
    },
    "pre-commit@4.0.1": {
      "last_modified": "2025-05-28T04:23:31Z",
      "resolved": "github:NixOS/nixpkgs/3d1f29646e4b57ed468d60f9d286cde23a8d1707#pre-commit",
      "source": "devbox-search",
      "version": "4.0.1",
      "systems": {
        "aarch64-darwin": {
          "outputs": [
            {
              "name": "out",
              "path": "/nix/store/drkixdcr3rfizf0addf1wqk8ibdlfpcv-pre-commit-4.0.1",
              "default": true
            },
            {
              "name": "dist",
              "path": "/nix/store/vzndqfsv7n7hk8mqg4izha0v6ibpbj36-pre-commit-4.0.1-dist"
            }
          ],
          "store_path": "/nix/store/drkixdcr3rfizf0addf1wqk8ibdlfpcv-pre-commit-4.0.1"
        },
        "aarch64-linux": {
          "outputs": [
            {
              "name": "out",
              "path": "/nix/store/g4c3ikai8nf8y5lad76h8rrfh8pb7swh-pre-commit-4.0.1",
              "default": true
            },
            {
              "name": "dist",
              "path": "/nix/store/bm8mbzrv1xgmfkn0zvz2gpd3xmnwy0q1-pre-commit-4.0.1-dist"
            }
          ],
          "store_path": "/nix/store/g4c3ikai8nf8y5lad76h8rrfh8pb7swh-pre-commit-4.0.1"
        },
        "x86_64-darwin": {
          "outputs": [
            {
              "name": "out",
              "path": "/nix/store/dr3ilsics80kklfpnag4f1bqp8gk25gr-pre-commit-4.0.1",
              "default": true
            },
            {
              "name": "dist",
              "path": "/nix/store/1f8a71sf8v7bvx7igcfjxcp1x3b1q4qq-pre-commit-4.0.1-dist"
            }
          ],
          "store_path": "/nix/store/dr3ilsics80kklfpnag4f1bqp8gk25gr-pre-commit-4.0.1"
        },
        "x86_64-linux": {
          "outputs": [
            {
              "name": "out",
              "path": "/nix/store/1grwmkj3qf897wgxycyymip87i9cvk29-pre-commit-4.0.1",
              "default": true
            },
            {
              "name": "dist",
              "path": "/nix/store/r3sk0c7i1z1mpjlh02mnx36k42nsb4rc-pre-commit-4.0.1-dist"
            }
          ],
          "store_path": "/nix/store/1grwmkj3qf897wgxycyymip87i9cvk29-pre-commit-4.0.1"
        }
      }
    },
    "yamllint@1.35.1": {
      "last_modified": "2025-03-11T17:52:14Z",
      "resolved": "github:NixOS/nixpkgs/0d534853a55b5d02a4ababa1d71921ce8f0aee4c#yamllint",
      "source": "devbox-search",
      "version": "1.35.1",
      "systems": {
        "aarch64-darwin": {
          "outputs": [
            {
              "name": "out",
              "path": "/nix/store/58b107rvyh32ad9106l6hps4pfglvy0r-python3.12-yamllint-1.35.1",
              "default": true
            },
            {
              "name": "dist",
              "path": "/nix/store/pcdm7w5q5bhgq9268zdmvi521fgv6mjj-python3.12-yamllint-1.35.1-dist"
            }
          ],
          "store_path": "/nix/store/58b107rvyh32ad9106l6hps4pfglvy0r-python3.12-yamllint-1.35.1"
        },
        "aarch64-linux": {
          "outputs": [
            {
              "name": "out",
              "path": "/nix/store/0nfjhvhnhy2r492d1hlfbj3a4808pp2s-python3.12-yamllint-1.35.1",
              "default": true
            },
            {
              "name": "dist",
              "path": "/nix/store/771nrwh8n0rjqyyy5klap1jr4sk0x569-python3.12-yamllint-1.35.1-dist"
            }
          ],
          "store_path": "/nix/store/0nfjhvhnhy2r492d1hlfbj3a4808pp2s-python3.12-yamllint-1.35.1"
        },
        "x86_64-darwin": {
          "outputs": [
            {
              "name": "out",
              "path": "/nix/store/g6clqcsm8272xzbx5xcyzb3pv2kc04s4-python3.12-yamllint-1.35.1",
              "default": true
            },
            {
              "name": "dist",
              "path": "/nix/store/6qmdk3lvlifw9j0yzmbp7yr6nax88kfc-python3.12-yamllint-1.35.1-dist"
            }
          ],
          "store_path": "/nix/store/g6clqcsm8272xzbx5xcyzb3pv2kc04s4-python3.12-yamllint-1.35.1"
        },
        "x86_64-linux": {
          "outputs": [
            {
              "name": "out",
              "path": "/nix/store/kkmxcmjsdc1sxv0lvg1x22n9zr146aki-python3.12-yamllint-1.35.1",
              "default": true
            },
            {
              "name": "dist",
              "path": "/nix/store/lhajwzvl8fpiknaqmlc54gy2m0ld4lki-python3.12-yamllint-1.35.1-dist"
            }
          ],
          "store_path": "/nix/store/kkmxcmjsdc1sxv0lvg1x22n9zr146aki-python3.12-yamllint-1.35.1"
        }
      }
    }
  }
}
