{
  "lockfile_version": "1",
  "packages": {
    "direnv@latest": {
      "last_modified": "2025-01-25T23:17:58Z",
      "resolved": "github:NixOS/nixpkgs/b582bb5b0d7af253b05d58314b85ab8ec46b8d19#direnv",
      "source": "devbox-search",
      "version": "2.35.0",
      "systems": {
        "aarch64-darwin": {
          "outputs": [
            {
              "name": "out",
              "path": "/nix/store/q00mwz61l0kz3ikjafm8v42df79vw70m-direnv-2.35.0",
              "default": true
            }
          ],
          "store_path": "/nix/store/q00mwz61l0kz3ikjafm8v42df79vw70m-direnv-2.35.0"
        },
        "aarch64-linux": {
          "outputs": [
            {
              "name": "out",
              "path": "/nix/store/5qjaj63mcpkbgg9dd7kq326d3zv1nfsq-direnv-2.35.0",
              "default": true
            }
          ],
          "store_path": "/nix/store/5qjaj63mcpkbgg9dd7kq326d3zv1nfsq-direnv-2.35.0"
        },
        "x86_64-darwin": {
          "outputs": [
            {
              "name": "out",
              "path": "/nix/store/7w42jcbp3gl8mswmqkfpm54znbb58116-direnv-2.35.0",
              "default": true
            }
          ],
          "store_path": "/nix/store/7w42jcbp3gl8mswmqkfpm54znbb58116-direnv-2.35.0"
        },
        "x86_64-linux": {
          "outputs": [
            {
              "name": "out",
              "path": "/nix/store/5acgdhnifp5hsvhw2w34jhs5xqjgv0v3-direnv-2.35.0",
              "default": true
            }
          ],
          "store_path": "/nix/store/5acgdhnifp5hsvhw2w34jhs5xqjgv0v3-direnv-2.35.0"
        }
      }
    },
    "gitleaks@latest": {
      "last_modified": "2025-01-25T23:17:58Z",
      "resolved": "github:NixOS/nixpkgs/b582bb5b0d7af253b05d58314b85ab8ec46b8d19#gitleaks",
      "source": "devbox-search",
      "version": "8.23.2",
      "systems": {
        "aarch64-darwin": {
          "outputs": [
            {
              "name": "out",
              "path": "/nix/store/qrdnrrgbvzd48j6bbcizivsplh0yr092-gitleaks-8.23.2",
              "default": true
            }
          ],
          "store_path": "/nix/store/qrdnrrgbvzd48j6bbcizivsplh0yr092-gitleaks-8.23.2"
        },
        "aarch64-linux": {
          "outputs": [
            {
              "name": "out",
              "path": "/nix/store/5ms5b5kx669yw6s324p72qjb299iid3p-gitleaks-8.23.2",
              "default": true
            }
          ],
          "store_path": "/nix/store/5ms5b5kx669yw6s324p72qjb299iid3p-gitleaks-8.23.2"
        },
        "x86_64-darwin": {
          "outputs": [
            {
              "name": "out",
              "path": "/nix/store/wd48yd2w1nm193qr9ndgrcp8lf2271k9-gitleaks-8.23.2",
              "default": true
            }
          ],
          "store_path": "/nix/store/wd48yd2w1nm193qr9ndgrcp8lf2271k9-gitleaks-8.23.2"
        },
        "x86_64-linux": {
          "outputs": [
            {
              "name": "out",
              "path": "/nix/store/d38ns4b91jmaw19vi6081m4fgy4canjl-gitleaks-8.23.2",
              "default": true
            }
          ],
          "store_path": "/nix/store/d38ns4b91jmaw19vi6081m4fgy4canjl-gitleaks-8.23.2"
        }
      }
    },
    "pre-commit@latest": {
      "last_modified": "2025-01-25T23:17:58Z",
      "resolved": "github:NixOS/nixpkgs/b582bb5b0d7af253b05d58314b85ab8ec46b8d19#pre-commit",
      "source": "devbox-search",
      "version": "4.0.1",
      "systems": {
        "aarch64-darwin": {
          "outputs": [
            {
              "name": "out",
              "path": "/nix/store/9lz1d1szzwzy6x242kk9px91pkdy7cd6-pre-commit-4.0.1",
              "default": true
            },
            {
              "name": "dist",
              "path": "/nix/store/hi34jjdsbbhq5xh1q0w47a23jpqf6iac-pre-commit-4.0.1-dist"
            }
          ],
          "store_path": "/nix/store/9lz1d1szzwzy6x242kk9px91pkdy7cd6-pre-commit-4.0.1"
        },
        "aarch64-linux": {
          "outputs": [
            {
              "name": "out",
              "path": "/nix/store/wnm7889axpdqqbl67n17kxw5sk31jjw5-pre-commit-4.0.1",
              "default": true
            },
            {
              "name": "dist",
              "path": "/nix/store/qr97swbwvy1b3xp49xpqrv57vprqjwdq-pre-commit-4.0.1-dist"
            }
          ],
          "store_path": "/nix/store/wnm7889axpdqqbl67n17kxw5sk31jjw5-pre-commit-4.0.1"
        },
        "x86_64-darwin": {
          "outputs": [
            {
              "name": "out",
              "path": "/nix/store/w7fwcza4vnyxlsw2ikqjinqsn02ks06j-pre-commit-4.0.1",
              "default": true
            },
            {
              "name": "dist",
              "path": "/nix/store/s7hxrwkn34q92g8pzw17v05ml3v10yys-pre-commit-4.0.1-dist"
            }
          ],
          "store_path": "/nix/store/w7fwcza4vnyxlsw2ikqjinqsn02ks06j-pre-commit-4.0.1"
        },
        "x86_64-linux": {
          "outputs": [
            {
              "name": "out",
              "path": "/nix/store/4x6p9yzvi0izpd3j4qj87z2d39lh0si6-pre-commit-4.0.1",
              "default": true
            },
            {
              "name": "dist",
              "path": "/nix/store/m78p9134p8njvmi881zkfrskb7i7a9z7-pre-commit-4.0.1-dist"
            }
          ],
          "store_path": "/nix/store/4x6p9yzvi0izpd3j4qj87z2d39lh0si6-pre-commit-4.0.1"
        }
      }
    },
    "yamllint@latest": {
      "last_modified": "2025-01-19T08:16:51Z",
      "resolved": "github:NixOS/nixpkgs/50165c4f7eb48ce82bd063e1fb8047a0f515f8ce#yamllint",
      "source": "devbox-search",
      "version": "1.35.1",
      "systems": {
        "aarch64-darwin": {
          "outputs": [
            {
              "name": "out",
              "path": "/nix/store/jlcrw184bxcbqcs6igjwal55425xxcm9-python3.12-yamllint-1.35.1",
              "default": true
            },
            {
              "name": "dist",
              "path": "/nix/store/22vzn06fx5yzgfn80ka77fj0hy45nb23-python3.12-yamllint-1.35.1-dist"
            }
          ],
          "store_path": "/nix/store/jlcrw184bxcbqcs6igjwal55425xxcm9-python3.12-yamllint-1.35.1"
        },
        "aarch64-linux": {
          "outputs": [
            {
              "name": "out",
              "path": "/nix/store/6vzl6v6m6wrlv78xpw4bq38hidkcvscv-python3.12-yamllint-1.35.1",
              "default": true
            },
            {
              "name": "dist",
              "path": "/nix/store/wqc08x7gsly5imchhifp079q8sgrpc5a-python3.12-yamllint-1.35.1-dist"
            }
          ],
          "store_path": "/nix/store/6vzl6v6m6wrlv78xpw4bq38hidkcvscv-python3.12-yamllint-1.35.1"
        },
        "x86_64-darwin": {
          "outputs": [
            {
              "name": "out",
              "path": "/nix/store/6idgrdfw4v396r10xj1wfj303ngxvq4d-python3.12-yamllint-1.35.1",
              "default": true
            },
            {
              "name": "dist",
              "path": "/nix/store/6jlj9r9jazvd9hnp9m6l3p4r9d1bihgm-python3.12-yamllint-1.35.1-dist"
            }
          ],
          "store_path": "/nix/store/6idgrdfw4v396r10xj1wfj303ngxvq4d-python3.12-yamllint-1.35.1"
        },
        "x86_64-linux": {
          "outputs": [
            {
              "name": "out",
              "path": "/nix/store/cz1y92gzhb2ldxz8jhfmfg84r99v15z1-python3.12-yamllint-1.35.1",
              "default": true
            },
            {
              "name": "dist",
              "path": "/nix/store/s04aw0g043zlpn6dwvfbgd8jaa22idgx-python3.12-yamllint-1.35.1-dist"
            }
          ],
          "store_path": "/nix/store/cz1y92gzhb2ldxz8jhfmfg84r99v15z1-python3.12-yamllint-1.35.1"
        }
      }
    }
  }
}
